<?xml version="1.0" encoding="UTF-8"?>
<Scheme
   version = "1.3">
   <BuildAction>
      <BuildActionEntries>
         <BuildActionEntry
            buildForRunning = "YES"
            buildForTesting = "YES">
            <BuildableReference
               BuildableIdentifier = "primary"
               BlueprintIdentifier = "ABBEA8C0176620E10024A9D2"
               BuildableName = "Core Data Editor Tests.xctest"
               BlueprintName = "Core Data Editor Tests"
               ReferencedContainer = "container:Core Data Editor/Core Data Editor.xcodeproj">
            </BuildableReference>
         </BuildActionEntry>
      </BuildActionEntries>
   </BuildAction>
   <TestAction
      buildConfiguration = "Debug">
      <Testables>
         <TestableReference>
            <BuildableReference
               BuildableIdentifier = "primary"
               BlueprintIdentifier = "ABBEA8C0176620E10024A9D2"
               BuildableName = "Core Data Editor Tests.xctest"
               BlueprintName = "Core Data Editor Tests"
               ReferencedContainer = "container:Core Data Editor/Core Data Editor.xcodeproj">
            </BuildableReference>
         </TestableReference>
      </Testables>
   </TestAction>
   <LaunchAction
      useCustomWorkingDirectory = "NO">
   </LaunchAction>
</Scheme>
